
Microsoft Visual Studio Solution File, Format Version 12.00
Project("{FAE04EC0-301F-11D3-BF4B-00C04F79EFBC}") = "dq8chr2glb", "dq8chr2glb\dq8chr2glb.csproj", "{AB578EF6-C431-4578-A9AB-AD8706CB412F}"
EndProject
Global
	GlobalSection(SolutionConfigurationPlatforms) = preSolution
		Debug|Any CPU = Debug|Any CPU
		Release|Any CPU = Release|Any CPU
	EndGlobalSection
	GlobalSection(ProjectConfigurationPlatforms) = postSolution
		{AB578EF6-C431-4578-A9AB-AD8706CB412F}.Debug|Any CPU.ActiveCfg = Debug|Any CPU
		{AB578EF6-C431-4578-A9AB-AD8706CB412F}.Debug|Any CPU.Build.0 = Debug|Any CPU
		{AB578EF6-C431-4578-A9AB-AD8706CB412F}.Release|Any CPU.ActiveCfg = Release|Any CPU
		{AB578EF6-C431-4578-A9AB-AD8706CB412F}.Release|Any CPU.Build.0 = Release|Any CPU
	EndGlobalSection
EndGlobal
